{
  "nodes": {
    "Comment.nvim": {
      "flake": false,
      "locked": {
        "lastModified": 1691409559,
        "narHash": "sha256-+dF1ZombrlO6nQggufSb0igXW5zwU++o0W/5ZA07cdc=",
        "owner": "numToStr",
        "repo": "Comment.nvim",
        "rev": "0236521ea582747b58869cb72f70ccfa967d2e89",
        "type": "github"
      },
      "original": {
        "owner": "numToStr",
        "repo": "Comment.nvim",
        "type": "github"
      }
    },
    "LuaSnip": {
      "flake": false,
      "locked": {
        "lastModified": 1714473569,
        "narHash": "sha256-SK7IFQgRMAraTzmErl2ldJ62bsfUCbKFW5MesUpDXoQ=",
        "owner": "L3MON4D3",
        "repo": "LuaSnip",
        "rev": "b152822e1a4bafb6bdf11a16cc26525cbd95ee00",
        "type": "github"
      },
      "original": {
        "owner": "L3MON4D3",
        "repo": "LuaSnip",
        "type": "github"
      }
    },
    "better-vim-tmux-resizer": {
      "flake": false,
      "locked": {
        "lastModified": 1621209374,
        "narHash": "sha256-1uHcQQUnViktDBZt+aytlBF1ZG+/Ifv5VVoKSyM9ML0=",
        "owner": "RyanMillerC",
        "repo": "better-vim-tmux-resizer",
        "rev": "a791fe5b4433ac43a4dad921e94b7b5f88751048",
        "type": "github"
      },
      "original": {
        "owner": "RyanMillerC",
        "repo": "better-vim-tmux-resizer",
        "type": "github"
      }
    },
    "cmp-nvim-lsp": {
      "flake": false,
      "locked": {
        "lastModified": 1702205473,
        "narHash": "sha256-/0sh9vJBD9pUuD7q3tNSQ1YLvxFMNykdg5eG+LjZAA8=",
        "owner": "hrsh7th",
        "repo": "cmp-nvim-lsp",
        "rev": "5af77f54de1b16c34b23cba810150689a3a90312",
        "type": "github"
      },
      "original": {
        "owner": "hrsh7th",
        "repo": "cmp-nvim-lsp",
        "type": "github"
      }
    },
    "cmp_luasnip": {
      "flake": false,
      "locked": {
        "lastModified": 1696878902,
        "narHash": "sha256-nUJJl2zyK/oSwz5RzI9j3gf9zpDfCImCYbPbVsyXgz8=",
        "owner": "saadparwaiz1",
        "repo": "cmp_luasnip",
        "rev": "05a9ab28b53f71d1aece421ef32fee2cb857a843",
        "type": "github"
      },
      "original": {
        "owner": "saadparwaiz1",
        "repo": "cmp_luasnip",
        "type": "github"
      }
    },
    "codeium.vim": {
      "flake": false,
      "locked": {
        "lastModified": 1714765736,
        "narHash": "sha256-f4dENnOclzAeOS4P4xlUi3idJzYEIlYiVB3kqWN1eCA=",
        "owner": "Exafunction",
        "repo": "codeium.vim",
        "rev": "9406f13cf3eaa08318b76746bd105a04506cab27",
        "type": "github"
      },
      "original": {
        "owner": "Exafunction",
        "repo": "codeium.vim",
        "type": "github"
      }
    },
    "copilot.vim": {
      "flake": false,
      "locked": {
        "lastModified": 1714703589,
        "narHash": "sha256-hrckiYqZlUsdQu84hMzYMhC21Teu5hsAX0n3xbpsbn4=",
        "owner": "github",
        "repo": "copilot.vim",
        "rev": "b603990a639bb4b8651d054ef8d5a8fe5db56e0c",
        "type": "github"
      },
      "original": {
        "owner": "github",
        "repo": "copilot.vim",
        "type": "github"
      }
    },
    "fidget.nvim": {
      "flake": false,
      "locked": {
        "lastModified": 1712242924,
        "narHash": "sha256-fZhK5opGXRRryhNpdaEPLpBq4tTibZREelXmasMLHzw=",
        "owner": "j-hui",
        "repo": "fidget.nvim",
        "rev": "1ba38e4cbb24683973e00c2e36f53ae64da38ef5",
        "type": "github"
      },
      "original": {
        "owner": "j-hui",
        "repo": "fidget.nvim",
        "type": "github"
      }
    },
    "flake-utils": {
      "locked": {
        "lastModified": 1667395993,
        "narHash": "sha256-nuEHfE/LcWyuSWnS8t12N1wc105Qtau+/OdUAjtQ0rA=",
        "owner": "numtide",
        "repo": "flake-utils",
        "rev": "5aed5285a952e0b949eb3ba02c12fa4fcfef535f",
        "type": "github"
      },
      "original": {
        "owner": "numtide",
        "repo": "flake-utils",
        "type": "github"
      }
    },
    "friendly-snippets": {
      "flake": false,
      "locked": {
        "lastModified": 1714784890,
        "narHash": "sha256-b8i+5wqQ9PWtunGM1q9PiLUOCxpT9148HvoshPyCBI8=",
        "owner": "rafamadriz",
        "repo": "friendly-snippets",
        "rev": "fa36367422da5a38560892e3db6d090a635d9d41",
        "type": "github"
      },
      "original": {
        "owner": "rafamadriz",
        "repo": "friendly-snippets",
        "type": "github"
      }
    },
    "gitsigns.nvim": {
      "flake": false,
      "locked": {
        "lastModified": 1714820565,
        "narHash": "sha256-WxmdYowXYLE92GcLsGmOh0c+Wk2v2yb/Z/apet2bG7E=",
        "owner": "lewis6991",
        "repo": "gitsigns.nvim",
        "rev": "bc933d24a669608968ff4791b14d2d9554813a65",
        "type": "github"
      },
      "original": {
        "owner": "lewis6991",
        "repo": "gitsigns.nvim",
        "type": "github"
      }
    },
    "gruvbox.nvim": {
      "flake": false,
      "locked": {
        "lastModified": 1714765643,
        "narHash": "sha256-7yQ3IHNAy+wZSMeHbLcUkbMwMy9wzgRmhjhxonn2bRI=",
        "owner": "ellisonleao",
        "repo": "gruvbox.nvim",
        "rev": "dd0ab08b17d2ead7bdb4838b48e1d08034ead0f0",
        "type": "github"
      },
      "original": {
        "owner": "ellisonleao",
        "repo": "gruvbox.nvim",
        "type": "github"
      }
    },
    "lazy.nvim": {
      "flake": false,
      "locked": {
        "lastModified": 1714809714,
        "narHash": "sha256-0DUanCwa9r8XeoQs4UKX6tnVsWJDAIVL2PMg+PjoFs0=",
        "owner": "folke",
        "repo": "lazy.nvim",
        "rev": "d3974346b6cef2116c8e7b08423256a834cb7cbc",
        "type": "github"
      },
      "original": {
        "owner": "folke",
        "repo": "lazy.nvim",
        "type": "github"
      }
    },
    "lualine.nvim": {
      "flake": false,
      "locked": {
        "lastModified": 1712310396,
        "narHash": "sha256-WcH2dWdRDgMkwBQhcgT+Z/ArMdm+VbRhmQftx4t2kNI=",
        "owner": "nvim-lualine",
        "repo": "lualine.nvim",
        "rev": "0a5a66803c7407767b799067986b4dc3036e1983",
        "type": "github"
      },
      "original": {
        "owner": "nvim-lualine",
        "repo": "lualine.nvim",
        "type": "github"
      }
    },
    "neodev.nvim": {
      "flake": false,
      "locked": {
        "lastModified": 1711715247,
        "narHash": "sha256-mAJOMVN7/xO7ykVNAeTeX+z2A/7yB8zdqlEKHL6Pb74=",
        "owner": "folke",
        "repo": "neodev.nvim",
        "rev": "ce9a2e8eaba5649b553529c5498acb43a6c317cd",
        "type": "github"
      },
      "original": {
        "owner": "folke",
        "repo": "neodev.nvim",
        "type": "github"
      }
    },
    "neovim": {
      "inputs": {
        "flake-utils": "flake-utils",
        "nixpkgs": [
          "nixpkgs"
        ]
      },
      "locked": {
        "dir": "contrib",
        "lastModified": 1703942320,
        "narHash": "sha256-CcaBqA0yFCffNPmXOJTo8c9v1jrEBiqAl8CG5Dj5YxE=",
        "owner": "neovim",
        "repo": "neovim",
        "rev": "8744ee8783a8597f9fce4a573ae05aca2f412120",
        "type": "github"
      },
      "original": {
        "dir": "contrib",
        "owner": "neovim",
        "ref": "stable",
        "repo": "neovim",
        "type": "github"
      }
    },
    "nixpkgs": {
      "locked": {
        "lastModified": 1714635257,
        "narHash": "sha256-4cPymbty65RvF1DWQfc+Bc8B233A1BWxJnNULJKQ1EY=",
        "owner": "NixOS",
        "repo": "nixpkgs",
        "rev": "63c3a29ca82437c87573e4c6919b09a24ea61b0f",
        "type": "github"
      },
      "original": {
        "owner": "NixOS",
        "ref": "nixos-unstable",
        "repo": "nixpkgs",
        "type": "github"
      }
    },
    "nvim-cmp": {
      "flake": false,
      "locked": {
        "lastModified": 1713837627,
        "narHash": "sha256-rz+JMd/hsUEDNVan2sCuEGtbsOVi6oRmPtps+7qSXQE=",
        "owner": "hrsh7th",
        "repo": "nvim-cmp",
        "rev": "8f3c541407e691af6163e2447f3af1bd6e17f9a3",
        "type": "github"
      },
      "original": {
        "owner": "hrsh7th",
        "repo": "nvim-cmp",
        "type": "github"
      }
    },
    "nvim-dap": {
      "flake": false,
      "locked": {
        "lastModified": 1713432622,
        "narHash": "sha256-kEn2INrNMQSLHY3gpSVV+cTx9f1nFeUCM6by9WGn5Sg=",
        "owner": "mfussenegger",
        "repo": "nvim-dap",
        "rev": "6ae8a14828b0f3bff1721a35a1dfd604b6a933bb",
        "type": "github"
      },
      "original": {
        "owner": "mfussenegger",
        "repo": "nvim-dap",
        "type": "github"
      }
    },
    "nvim-lspconfig": {
      "flake": false,
      "locked": {
        "lastModified": 1714406347,
        "narHash": "sha256-sPM6vYkOCmQ9y+1w6whtDeoWzSzzjabzi9RH9EkZLng=",
        "owner": "neovim",
        "repo": "nvim-lspconfig",
        "rev": "aa5f4f4ee10b2688fb37fa46215672441d5cd5d9",
        "type": "github"
      },
      "original": {
        "owner": "neovim",
        "repo": "nvim-lspconfig",
        "type": "github"
      }
    },
    "nvim-treesitter-textobjects": {
      "flake": false,
      "locked": {
        "lastModified": 1713194292,
        "narHash": "sha256-mndgAlmvzKZOjd3Z6wZb0ectvcOlYkatTADq8pdNfcs=",
        "owner": "nvim-treesitter",
        "repo": "nvim-treesitter-textobjects",
        "rev": "23b820146956b3b681c19e10d3a8bc0cbd9a1d4c",
        "type": "github"
      },
      "original": {
        "owner": "nvim-treesitter",
        "repo": "nvim-treesitter-textobjects",
        "type": "github"
      }
    },
    "plenary.nvim": {
      "flake": false,
      "locked": {
        "lastModified": 1714083960,
        "narHash": "sha256-vy0MXEoSM4rvYpfwbc2PnilvMOA30Urv0FAxjXuvqQ8=",
        "owner": "nvim-lua",
        "repo": "plenary.nvim",
        "rev": "08e301982b9a057110ede7a735dd1b5285eb341f",
        "type": "github"
      },
      "original": {
        "owner": "nvim-lua",
        "repo": "plenary.nvim",
        "type": "github"
      }
    },
    "root": {
      "inputs": {
        "Comment.nvim": "Comment.nvim",
        "LuaSnip": "LuaSnip",
        "better-vim-tmux-resizer": "better-vim-tmux-resizer",
        "cmp-nvim-lsp": "cmp-nvim-lsp",
        "cmp_luasnip": "cmp_luasnip",
        "codeium.vim": "codeium.vim",
        "copilot.vim": "copilot.vim",
        "fidget.nvim": "fidget.nvim",
        "friendly-snippets": "friendly-snippets",
        "gitsigns.nvim": "gitsigns.nvim",
        "gruvbox.nvim": "gruvbox.nvim",
        "lazy.nvim": "lazy.nvim",
        "lualine.nvim": "lualine.nvim",
        "neodev.nvim": "neodev.nvim",
        "neovim": "neovim",
        "nixpkgs": "nixpkgs",
        "nvim-cmp": "nvim-cmp",
        "nvim-dap": "nvim-dap",
        "nvim-lspconfig": "nvim-lspconfig",
        "nvim-treesitter-textobjects": "nvim-treesitter-textobjects",
        "plenary.nvim": "plenary.nvim",
        "telescope-fzf-native.nvim": "telescope-fzf-native.nvim",
        "telescope.nvim": "telescope.nvim",
        "vim-fugitive": "vim-fugitive",
        "vim-obsession": "vim-obsession",
        "vim-prosession": "vim-prosession",
        "vim-rhubarb": "vim-rhubarb",
        "vim-sleuth": "vim-sleuth",
        "vim-surround": "vim-surround",
        "vim-tmux-navigator": "vim-tmux-navigator",
        "which-key.nvim": "which-key.nvim"
      }
    },
    "telescope-fzf-native.nvim": {
      "flake": false,
      "locked": {
        "lastModified": 1709647247,
        "narHash": "sha256-rycebls3g0JCHM2+aG7xlJnX7ZPowqviaLbQrFSdflM=",
        "owner": "nvim-telescope",
        "repo": "telescope-fzf-native.nvim",
        "rev": "9ef21b2e6bb6ebeaf349a0781745549bbb870d27",
        "type": "github"
      },
      "original": {
        "owner": "nvim-telescope",
        "repo": "telescope-fzf-native.nvim",
        "type": "github"
      }
    },
    "telescope.nvim": {
      "flake": false,
      "locked": {
        "lastModified": 1714700089,
        "narHash": "sha256-SoEetPE7f7Y0kUa4+7dH+EOs/0WBsMDxeOkbVNuoSjE=",
        "owner": "nvim-telescope",
        "repo": "telescope.nvim",
        "rev": "fac83a556e7b710dc31433dec727361ca062dbe9",
        "type": "github"
      },
      "original": {
        "owner": "nvim-telescope",
        "repo": "telescope.nvim",
        "type": "github"
      }
    },
    "vim-fugitive": {
      "flake": false,
      "locked": {
        "lastModified": 1714601825,
        "narHash": "sha256-0ujueJ226zEmjkFwodSukO1Zu5gMvTmx/dCtT5VBhek=",
        "owner": "tpope",
        "repo": "vim-fugitive",
        "rev": "ce882460cf3db12e99f8bf579cbf99e331f6dd4f",
        "type": "github"
      },
      "original": {
        "owner": "tpope",
        "repo": "vim-fugitive",
        "type": "github"
      }
    },
    "vim-obsession": {
      "flake": false,
      "locked": {
        "lastModified": 1669944528,
        "narHash": "sha256-uf4BWCmKU22s5p+pKIM9DIzEFnqMgIOxSxSrhJeRwHQ=",
        "owner": "tpope",
        "repo": "vim-obsession",
        "rev": "fe9d3e1a9a50171e7d316a52e1e56d868e4c1fe5",
        "type": "github"
      },
      "original": {
        "owner": "tpope",
        "repo": "vim-obsession",
        "type": "github"
      }
    },
    "vim-prosession": {
      "flake": false,
      "locked": {
        "lastModified": 1709797489,
        "narHash": "sha256-e7FKqD/dSGTbUbd9h3TTELSdjZKAL9Tqgy8t1h81fgY=",
        "owner": "dhruvasagar",
        "repo": "vim-prosession",
        "rev": "1cb2eadde0b79f49eb4b5a54cc78735aea33cbca",
        "type": "github"
      },
      "original": {
        "owner": "dhruvasagar",
        "repo": "vim-prosession",
        "type": "github"
      }
    },
    "vim-rhubarb": {
      "flake": false,
      "locked": {
        "lastModified": 1680085333,
        "narHash": "sha256-8zeQMLzNBWmXZ5daCOmsHkw6MIwWislArYF5zDdrwOg=",
        "owner": "tpope",
        "repo": "vim-rhubarb",
        "rev": "ee69335de176d9325267b0fd2597a22901d927b1",
        "type": "github"
      },
      "original": {
        "owner": "tpope",
        "repo": "vim-rhubarb",
        "type": "github"
      }
    },
    "vim-sleuth": {
      "flake": false,
      "locked": {
        "lastModified": 1673378030,
        "narHash": "sha256-ClltfSVuoNoq5EiWRVBsGz1mrr7FbafGDdgsavLgFVE=",
        "owner": "tpope",
        "repo": "vim-sleuth",
        "rev": "1cc4557420f215d02c4d2645a748a816c220e99b",
        "type": "github"
      },
      "original": {
        "owner": "tpope",
        "repo": "vim-sleuth",
        "type": "github"
      }
    },
    "vim-surround": {
      "flake": false,
      "locked": {
        "lastModified": 1666730476,
        "narHash": "sha256-DZE5tkmnT+lAvx/RQHaDEgEJXRKsy56KJY919xiH1lE=",
        "owner": "tpope",
        "repo": "vim-surround",
        "rev": "3d188ed2113431cf8dac77be61b842acb64433d9",
        "type": "github"
      },
      "original": {
        "owner": "tpope",
        "repo": "vim-surround",
        "type": "github"
      }
    },
    "vim-tmux-navigator": {
      "flake": false,
      "locked": {
        "lastModified": 1713039203,
        "narHash": "sha256-6StvzZghkv1pv0Mdy3fvYHXfCxeTMNDG4ERwYTXr2AY=",
        "owner": "christoomey",
        "repo": "vim-tmux-navigator",
        "rev": "a26954a585b02a2ac02f87145e204f8798a7cbc2",
        "type": "github"
      },
      "original": {
        "owner": "christoomey",
        "repo": "vim-tmux-navigator",
        "type": "github"
      }
    },
    "which-key.nvim": {
      "flake": false,
      "locked": {
        "lastModified": 1697801635,
        "narHash": "sha256-uvghPj/teWrRMm09Gh8iQ/LV2nYJw0lmoiZK6L4+1cY=",
        "owner": "folke",
        "repo": "which-key.nvim",
        "rev": "4433e5ec9a507e5097571ed55c02ea9658fb268a",
        "type": "github"
      },
      "original": {
        "owner": "folke",
        "repo": "which-key.nvim",
        "type": "github"
      }
    }
  },
  "root": "root",
  "version": 7
}
